
Microsoft Visual Studio Solution File, Format Version 12.00
# Visual Studio 15
VisualStudioVersion = 15.0.28307.329
MinimumVisualStudioVersion = 10.0.40219.1
Project("{9A19103F-16F7-4668-BE54-9A1E7A4F7556}") = "API_DanceFellows", "API_DanceFellows\API_DanceFellows.csproj", "{147E425B-24B6-4EBE-BEEA-DE68BF7B54A3}"
EndProject
Project("{FAE04EC0-301F-11D3-BF4B-00C04F79EFBC}") = "API_UnitTests", "API_UnitTests\API_UnitTests.csproj", "{88C53DFC-3934-4A35-912E-C684647D3684}"
EndProject
Global
	GlobalSection(SolutionConfigurationPlatforms) = preSolution
		Debug|Any CPU = Debug|Any CPU
		Release|Any CPU = Release|Any CPU
	EndGlobalSection
	GlobalSection(ProjectConfigurationPlatforms) = postSolution
		{147E425B-24B6-4EBE-BEEA-DE68BF7B54A3}.Debug|Any CPU.ActiveCfg = Debug|Any CPU
		{147E425B-24B6-4EBE-BEEA-DE68BF7B54A3}.Debug|Any CPU.Build.0 = Debug|Any CPU
		{147E425B-24B6-4EBE-BEEA-DE68BF7B54A3}.Release|Any CPU.ActiveCfg = Release|Any CPU
		{147E425B-24B6-4EBE-BEEA-DE68BF7B54A3}.Release|Any CPU.Build.0 = Release|Any CPU
		{88C53DFC-3934-4A35-912E-C684647D3684}.Debug|Any CPU.ActiveCfg = Debug|Any CPU
		{88C53DFC-3934-4A35-912E-C684647D3684}.Debug|Any CPU.Build.0 = Debug|Any CPU
		{88C53DFC-3934-4A35-912E-C684647D3684}.Release|Any CPU.ActiveCfg = Release|Any CPU
		{88C53DFC-3934-4A35-912E-C684647D3684}.Release|Any CPU.Build.0 = Release|Any CPU
	EndGlobalSection
	GlobalSection(SolutionProperties) = preSolution
		HideSolutionNode = FALSE
	EndGlobalSection
	GlobalSection(ExtensibilityGlobals) = postSolution
		SolutionGuid = {EBF636A5-F36D-4548-A865-3B72DC1D57CD}
	EndGlobalSection
EndGlobal
